// !$*UTF8*$!
{
	archiveVersion = 1;
	classes = {
	};
	objectVersion = 56;
	objects = {

/* Begin PBXBuildFile section */
		CC086A4D2B15685E0032E562 /* ImageStretchyHeader.swift in Sources */ = {isa = PBXBuildFile; fileRef = CC086A4C2B15685E0032E562 /* ImageStretchyHeader.swift */; };
		CC0D75232B04AC0400906232 /* AppDelegate.swift in Sources */ = {isa = PBXBuildFile; fileRef = CC0D75222B04AC0400906232 /* AppDelegate.swift */; };
		CC0D75252B04AC0500906232 /* SceneDelegate.swift in Sources */ = {isa = PBXBuildFile; fileRef = CC0D75242B04AC0500906232 /* SceneDelegate.swift */; };
		CC0D752C2B04AC0600906232 /* Assets.xcassets in Resources */ = {isa = PBXBuildFile; fileRef = CC0D752B2B04AC0600906232 /* Assets.xcassets */; };
		CC0D752F2B04AC0600906232 /* LaunchScreen.storyboard in Resources */ = {isa = PBXBuildFile; fileRef = CC0D752D2B04AC0600906232 /* LaunchScreen.storyboard */; };
		CC0D75432B04B18800906232 /* Place.swift in Sources */ = {isa = PBXBuildFile; fileRef = CC0D75422B04B18800906232 /* Place.swift */; };
		CC0D75492B04B22A00906232 /* TravelerStatus.swift in Sources */ = {isa = PBXBuildFile; fileRef = CC0D75442B04B22900906232 /* TravelerStatus.swift */; };
		CC0D754A2B04B22A00906232 /* OriginType.swift in Sources */ = {isa = PBXBuildFile; fileRef = CC0D75452B04B22900906232 /* OriginType.swift */; };
		CC0D754B2B04B22A00906232 /* Coordinates.swift in Sources */ = {isa = PBXBuildFile; fileRef = CC0D75462B04B22900906232 /* Coordinates.swift */; };
		CC0D754C2B04B22A00906232 /* ObjectType.swift in Sources */ = {isa = PBXBuildFile; fileRef = CC0D75472B04B22900906232 /* ObjectType.swift */; };
		CC0D754D2B04B22A00906232 /* ButtonStyle.swift in Sources */ = {isa = PBXBuildFile; fileRef = CC0D75482B04B22A00906232 /* ButtonStyle.swift */; };
		CC0D75512B04B25400906232 /* Typography.swift in Sources */ = {isa = PBXBuildFile; fileRef = CC0D754E2B04B25400906232 /* Typography.swift */; };
		CC0D75522B04B25400906232 /* Colors.swift in Sources */ = {isa = PBXBuildFile; fileRef = CC0D754F2B04B25400906232 /* Colors.swift */; };
		CC0D75532B04B25400906232 /* Sizes.swift in Sources */ = {isa = PBXBuildFile; fileRef = CC0D75502B04B25400906232 /* Sizes.swift */; };
		CC0D755C2B04B27600906232 /* UITabBarControllerExtension.swift in Sources */ = {isa = PBXBuildFile; fileRef = CC0D75542B04B27500906232 /* UITabBarControllerExtension.swift */; };
		CC0D755D2B04B27600906232 /* Reusable.swift in Sources */ = {isa = PBXBuildFile; fileRef = CC0D75552B04B27500906232 /* Reusable.swift */; };
		CC0D755E2B04B27600906232 /* UIStackViewExtensions.swift in Sources */ = {isa = PBXBuildFile; fileRef = CC0D75562B04B27500906232 /* UIStackViewExtensions.swift */; };
		CC0D755F2B04B27600906232 /* UITableViewCellExtension.swift in Sources */ = {isa = PBXBuildFile; fileRef = CC0D75572B04B27600906232 /* UITableViewCellExtension.swift */; };
		CC0D75602B04B27600906232 /* StringExtension.swift in Sources */ = {isa = PBXBuildFile; fileRef = CC0D75582B04B27600906232 /* StringExtension.swift */; };
		CC0D75612B04B27600906232 /* UIColorExtension.swift in Sources */ = {isa = PBXBuildFile; fileRef = CC0D75592B04B27600906232 /* UIColorExtension.swift */; };
		CC0D75622B04B27600906232 /* UITableViewExtension.swift in Sources */ = {isa = PBXBuildFile; fileRef = CC0D755A2B04B27600906232 /* UITableViewExtension.swift */; };
		CC0D75632B04B27600906232 /* UILabelExtension.swift in Sources */ = {isa = PBXBuildFile; fileRef = CC0D755B2B04B27600906232 /* UILabelExtension.swift */; };
		CC0D75652B04B35D00906232 /* Review.swift in Sources */ = {isa = PBXBuildFile; fileRef = CC0D75642B04B35D00906232 /* Review.swift */; };
		CC0D75672B04B38700906232 /* User.swift in Sources */ = {isa = PBXBuildFile; fileRef = CC0D75662B04B38700906232 /* User.swift */; };
		CC0D75692B04B3DD00906232 /* BasicVC.swift in Sources */ = {isa = PBXBuildFile; fileRef = CC0D75682B04B3DD00906232 /* BasicVC.swift */; };
		CC0D756B2B04B40200906232 /* TabBarVC.swift in Sources */ = {isa = PBXBuildFile; fileRef = CC0D756A2B04B40200906232 /* TabBarVC.swift */; };
		CC0D756D2B04B45800906232 /* HomeVC.swift in Sources */ = {isa = PBXBuildFile; fileRef = CC0D756C2B04B45800906232 /* HomeVC.swift */; };
		CC0D756F2B04B46A00906232 /* ExploreVC.swift in Sources */ = {isa = PBXBuildFile; fileRef = CC0D756E2B04B46A00906232 /* ExploreVC.swift */; };
		CC0D75712B04B52300906232 /* WishlistsVC.swift in Sources */ = {isa = PBXBuildFile; fileRef = CC0D75702B04B52300906232 /* WishlistsVC.swift */; };
		CC0D75732B04B53900906232 /* ProfileVC.swift in Sources */ = {isa = PBXBuildFile; fileRef = CC0D75722B04B53900906232 /* ProfileVC.swift */; };
		CC0D75752B04B6A300906232 /* Icons.xcassets in Resources */ = {isa = PBXBuildFile; fileRef = CC0D75742B04B6A300906232 /* Icons.xcassets */; };
		CC0D75772B04B75300906232 /* PlaceViewModel.swift in Sources */ = {isa = PBXBuildFile; fileRef = CC0D75762B04B75300906232 /* PlaceViewModel.swift */; };
		CC0D757E2B04BE9600906232 /* RxCocoa in Frameworks */ = {isa = PBXBuildFile; productRef = CC0D757D2B04BE9600906232 /* RxCocoa */; };
		CC0D75802B04BE9600906232 /* RxSwift in Frameworks */ = {isa = PBXBuildFile; productRef = CC0D757F2B04BE9600906232 /* RxSwift */; };
		CC0D75832B04C03000906232 /* Alamofire in Frameworks */ = {isa = PBXBuildFile; productRef = CC0D75822B04C03000906232 /* Alamofire */; };
		CC0D75862B04C05400906232 /* SnapKit in Frameworks */ = {isa = PBXBuildFile; productRef = CC0D75852B04C05400906232 /* SnapKit */; };
		CC0D75892B04CB5200906232 /* Realm in Frameworks */ = {isa = PBXBuildFile; productRef = CC0D75882B04CB5200906232 /* Realm */; };
		CC0D758B2B04CB5200906232 /* RealmSwift in Frameworks */ = {isa = PBXBuildFile; productRef = CC0D758A2B04CB5200906232 /* RealmSwift */; };
		CC0D758D2B04EE6100906232 /* CreatePlaceGeoVC.swift in Sources */ = {isa = PBXBuildFile; fileRef = CC0D758C2B04EE6100906232 /* CreatePlaceGeoVC.swift */; };
		CC0D758F2B05240100906232 /* GoogleService-Info.plist in Resources */ = {isa = PBXBuildFile; fileRef = CC0D758E2B05240100906232 /* GoogleService-Info.plist */; };
		CC0D75922B05277100906232 /* FirebaseAnalytics in Frameworks */ = {isa = PBXBuildFile; productRef = CC0D75912B05277100906232 /* FirebaseAnalytics */; };
		CC0D75942B05277200906232 /* FirebaseAuth in Frameworks */ = {isa = PBXBuildFile; productRef = CC0D75932B05277200906232 /* FirebaseAuth */; };
		CC0D75962B05277200906232 /* FirebaseCrashlytics in Frameworks */ = {isa = PBXBuildFile; productRef = CC0D75952B05277200906232 /* FirebaseCrashlytics */; };
		CC0D75982B05277300906232 /* FirebaseDatabase in Frameworks */ = {isa = PBXBuildFile; productRef = CC0D75972B05277300906232 /* FirebaseDatabase */; };
		CC0D759A2B05277300906232 /* FirebaseDatabaseSwift in Frameworks */ = {isa = PBXBuildFile; productRef = CC0D75992B05277300906232 /* FirebaseDatabaseSwift */; };
		CC0D759C2B05277400906232 /* FirebaseDynamicLinks in Frameworks */ = {isa = PBXBuildFile; productRef = CC0D759B2B05277400906232 /* FirebaseDynamicLinks */; };
		CC0D759E2B05277400906232 /* FirebaseStorage in Frameworks */ = {isa = PBXBuildFile; productRef = CC0D759D2B05277400906232 /* FirebaseStorage */; };
		CC0D75A12B053C3C00906232 /* LeftNavButton.swift in Sources */ = {isa = PBXBuildFile; fileRef = CC0D75A02B053C3C00906232 /* LeftNavButton.swift */; };
		CC0D75A32B053ED800906232 /* UIViewExtensions.swift in Sources */ = {isa = PBXBuildFile; fileRef = CC0D75A22B053ED700906232 /* UIViewExtensions.swift */; };
		CC0D75A52B0540C800906232 /* BasicButton.swift in Sources */ = {isa = PBXBuildFile; fileRef = CC0D75A42B0540C700906232 /* BasicButton.swift */; };
		CC0D75A82B062CA400906232 /* SingleActionBarView.swift in Sources */ = {isa = PBXBuildFile; fileRef = CC0D75A72B062CA400906232 /* SingleActionBarView.swift */; };
		CC0D75AB2B06302C00906232 /* HorizontalSeparator.swift in Sources */ = {isa = PBXBuildFile; fileRef = CC0D75AA2B06302C00906232 /* HorizontalSeparator.swift */; };
		CC0D75AD2B0645BB00906232 /* CreatePlaceDetailsVC.swift in Sources */ = {isa = PBXBuildFile; fileRef = CC0D75AC2B0645BB00906232 /* CreatePlaceDetailsVC.swift */; };
		CC0D75B02B07EBFE00906232 /* RealmService.swift in Sources */ = {isa = PBXBuildFile; fileRef = CC0D75AF2B07EBFE00906232 /* RealmService.swift */; };
		CC0D75B32B07F15F00906232 /* GeoCardView.swift in Sources */ = {isa = PBXBuildFile; fileRef = CC0D75B22B07F15F00906232 /* GeoCardView.swift */; };
		CC0D75B62B07FC7500906232 /* ScaleButton.swift in Sources */ = {isa = PBXBuildFile; fileRef = CC0D75B52B07FC7500906232 /* ScaleButton.swift */; };
		CC81E7232B0A18E1005DA935 /* CreatePlaceCoverVC.swift in Sources */ = {isa = PBXBuildFile; fileRef = CC81E7222B0A18E1005DA935 /* CreatePlaceCoverVC.swift */; };
		CC81E7252B0A2694005DA935 /* AspectRatioTabsView.swift in Sources */ = {isa = PBXBuildFile; fileRef = CC81E7242B0A2694005DA935 /* AspectRatioTabsView.swift */; };
		CC81E7272B0A3A96005DA935 /* UIButtonExtension.swift in Sources */ = {isa = PBXBuildFile; fileRef = CC81E7262B0A3A96005DA935 /* UIButtonExtension.swift */; };
		CC81E72B2B0B91EE005DA935 /* Observable.swift in Sources */ = {isa = PBXBuildFile; fileRef = CC81E72A2B0B91EE005DA935 /* Observable.swift */; };
		CC81E72D2B0BBF69005DA935 /* UIViewControllerExtension.swift in Sources */ = {isa = PBXBuildFile; fileRef = CC81E72C2B0BBF68005DA935 /* UIViewControllerExtension.swift */; };
		CC81E72F2B0CF557005DA935 /* BasicBottomSheetVC.swift in Sources */ = {isa = PBXBuildFile; fileRef = CC81E72E2B0CF557005DA935 /* BasicBottomSheetVC.swift */; };
		CC81E7312B0CFC5C005DA935 /* OriginBottomSheetVC.swift in Sources */ = {isa = PBXBuildFile; fileRef = CC81E7302B0CFC5C005DA935 /* OriginBottomSheetVC.swift */; };
		CC81E7332B0D0B62005DA935 /* RowDefaultTVC.swift in Sources */ = {isa = PBXBuildFile; fileRef = CC81E7322B0D0B62005DA935 /* RowDefaultTVC.swift */; };
		CC81E7372B0DFF02005DA935 /* MKMapViewExtension.swift in Sources */ = {isa = PBXBuildFile; fileRef = CC81E7362B0DFF02005DA935 /* MKMapViewExtension.swift */; };
		CC81E7392B0E3605005DA935 /* FirebaseService.swift in Sources */ = {isa = PBXBuildFile; fileRef = CC81E7382B0E3605005DA935 /* FirebaseService.swift */; };
		CC81E73D2B0F5233005DA935 /* PlaceCardTVC.swift in Sources */ = {isa = PBXBuildFile; fileRef = CC81E73C2B0F5233005DA935 /* PlaceCardTVC.swift */; };
		CC81E73F2B0F536C005DA935 /* PlaceCardTVCViewModel.swift in Sources */ = {isa = PBXBuildFile; fileRef = CC81E73E2B0F536C005DA935 /* PlaceCardTVCViewModel.swift */; };
		CC81E7412B0F551F005DA935 /* PlaceCardHeader.swift in Sources */ = {isa = PBXBuildFile; fileRef = CC81E7402B0F551F005DA935 /* PlaceCardHeader.swift */; };
		CC81E7442B0F566D005DA935 /* SDWebImage in Frameworks */ = {isa = PBXBuildFile; productRef = CC81E7432B0F566D005DA935 /* SDWebImage */; };
		CC81E7462B0F701B005DA935 /* PlaceFirebase.swift in Sources */ = {isa = PBXBuildFile; fileRef = CC81E7452B0F701B005DA935 /* PlaceFirebase.swift */; };
		CCCEAC1E2B10CED100C20588 /* ReviewFirebase.swift in Sources */ = {isa = PBXBuildFile; fileRef = CCCEAC1D2B10CED100C20588 /* ReviewFirebase.swift */; };
		CCCEAC202B10CF4000C20588 /* UserFirebase.swift in Sources */ = {isa = PBXBuildFile; fileRef = CCCEAC1F2B10CF4000C20588 /* UserFirebase.swift */; };
		CCCEAC222B11477B00C20588 /* UIImageExtension.swift in Sources */ = {isa = PBXBuildFile; fileRef = CCCEAC212B11477B00C20588 /* UIImageExtension.swift */; };
/* End PBXBuildFile section */

/* Begin PBXFileReference section */
		CC086A4C2B15685E0032E562 /* ImageStretchyHeader.swift */ = {isa = PBXFileReference; fileEncoding = 4; lastKnownFileType = sourcecode.swift; path = ImageStretchyHeader.swift; sourceTree = "<group>"; };
		CC0D751F2B04AC0400906232 /* Piznay.app */ = {isa = PBXFileReference; explicitFileType = wrapper.application; includeInIndex = 0; path = Piznay.app; sourceTree = BUILT_PRODUCTS_DIR; };
		CC0D75222B04AC0400906232 /* AppDelegate.swift */ = {isa = PBXFileReference; lastKnownFileType = sourcecode.swift; path = AppDelegate.swift; sourceTree = "<group>"; };
		CC0D75242B04AC0500906232 /* SceneDelegate.swift */ = {isa = PBXFileReference; lastKnownFileType = sourcecode.swift; path = SceneDelegate.swift; sourceTree = "<group>"; };
		CC0D752B2B04AC0600906232 /* Assets.xcassets */ = {isa = PBXFileReference; lastKnownFileType = folder.assetcatalog; path = Assets.xcassets; sourceTree = "<group>"; };
		CC0D752E2B04AC0600906232 /* Base */ = {isa = PBXFileReference; lastKnownFileType = file.storyboard; name = Base; path = Base.lproj/LaunchScreen.storyboard; sourceTree = "<group>"; };
		CC0D75302B04AC0600906232 /* Info.plist */ = {isa = PBXFileReference; lastKnownFileType = text.plist.xml; path = Info.plist; sourceTree = "<group>"; };
		CC0D75422B04B18800906232 /* Place.swift */ = {isa = PBXFileReference; lastKnownFileType = sourcecode.swift; path = Place.swift; sourceTree = "<group>"; };
		CC0D75442B04B22900906232 /* TravelerStatus.swift */ = {isa = PBXFileReference; fileEncoding = 4; lastKnownFileType = sourcecode.swift; path = TravelerStatus.swift; sourceTree = "<group>"; };
		CC0D75452B04B22900906232 /* OriginType.swift */ = {isa = PBXFileReference; fileEncoding = 4; lastKnownFileType = sourcecode.swift; path = OriginType.swift; sourceTree = "<group>"; };
		CC0D75462B04B22900906232 /* Coordinates.swift */ = {isa = PBXFileReference; fileEncoding = 4; lastKnownFileType = sourcecode.swift; path = Coordinates.swift; sourceTree = "<group>"; };
		CC0D75472B04B22900906232 /* ObjectType.swift */ = {isa = PBXFileReference; fileEncoding = 4; lastKnownFileType = sourcecode.swift; path = ObjectType.swift; sourceTree = "<group>"; };
		CC0D75482B04B22A00906232 /* ButtonStyle.swift */ = {isa = PBXFileReference; fileEncoding = 4; lastKnownFileType = sourcecode.swift; path = ButtonStyle.swift; sourceTree = "<group>"; };
		CC0D754E2B04B25400906232 /* Typography.swift */ = {isa = PBXFileReference; fileEncoding = 4; lastKnownFileType = sourcecode.swift; path = Typography.swift; sourceTree = "<group>"; };
		CC0D754F2B04B25400906232 /* Colors.swift */ = {isa = PBXFileReference; fileEncoding = 4; lastKnownFileType = sourcecode.swift; path = Colors.swift; sourceTree = "<group>"; };
		CC0D75502B04B25400906232 /* Sizes.swift */ = {isa = PBXFileReference; fileEncoding = 4; lastKnownFileType = sourcecode.swift; path = Sizes.swift; sourceTree = "<group>"; };
		CC0D75542B04B27500906232 /* UITabBarControllerExtension.swift */ = {isa = PBXFileReference; fileEncoding = 4; lastKnownFileType = sourcecode.swift; path = UITabBarControllerExtension.swift; sourceTree = "<group>"; };
		CC0D75552B04B27500906232 /* Reusable.swift */ = {isa = PBXFileReference; fileEncoding = 4; lastKnownFileType = sourcecode.swift; path = Reusable.swift; sourceTree = "<group>"; };
		CC0D75562B04B27500906232 /* UIStackViewExtensions.swift */ = {isa = PBXFileReference; fileEncoding = 4; lastKnownFileType = sourcecode.swift; path = UIStackViewExtensions.swift; sourceTree = "<group>"; };
		CC0D75572B04B27600906232 /* UITableViewCellExtension.swift */ = {isa = PBXFileReference; fileEncoding = 4; lastKnownFileType = sourcecode.swift; path = UITableViewCellExtension.swift; sourceTree = "<group>"; };
		CC0D75582B04B27600906232 /* StringExtension.swift */ = {isa = PBXFileReference; fileEncoding = 4; lastKnownFileType = sourcecode.swift; path = StringExtension.swift; sourceTree = "<group>"; };
		CC0D75592B04B27600906232 /* UIColorExtension.swift */ = {isa = PBXFileReference; fileEncoding = 4; lastKnownFileType = sourcecode.swift; path = UIColorExtension.swift; sourceTree = "<group>"; };
		CC0D755A2B04B27600906232 /* UITableViewExtension.swift */ = {isa = PBXFileReference; fileEncoding = 4; lastKnownFileType = sourcecode.swift; path = UITableViewExtension.swift; sourceTree = "<group>"; };
		CC0D755B2B04B27600906232 /* UILabelExtension.swift */ = {isa = PBXFileReference; fileEncoding = 4; lastKnownFileType = sourcecode.swift; path = UILabelExtension.swift; sourceTree = "<group>"; };
		CC0D75642B04B35D00906232 /* Review.swift */ = {isa = PBXFileReference; lastKnownFileType = sourcecode.swift; path = Review.swift; sourceTree = "<group>"; };
		CC0D75662B04B38700906232 /* User.swift */ = {isa = PBXFileReference; lastKnownFileType = sourcecode.swift; path = User.swift; sourceTree = "<group>"; };
		CC0D75682B04B3DD00906232 /* BasicVC.swift */ = {isa = PBXFileReference; lastKnownFileType = sourcecode.swift; path = BasicVC.swift; sourceTree = "<group>"; };
		CC0D756A2B04B40200906232 /* TabBarVC.swift */ = {isa = PBXFileReference; lastKnownFileType = sourcecode.swift; path = TabBarVC.swift; sourceTree = "<group>"; };
		CC0D756C2B04B45800906232 /* HomeVC.swift */ = {isa = PBXFileReference; lastKnownFileType = sourcecode.swift; path = HomeVC.swift; sourceTree = "<group>"; };
		CC0D756E2B04B46A00906232 /* ExploreVC.swift */ = {isa = PBXFileReference; lastKnownFileType = sourcecode.swift; path = ExploreVC.swift; sourceTree = "<group>"; };
		CC0D75702B04B52300906232 /* WishlistsVC.swift */ = {isa = PBXFileReference; lastKnownFileType = sourcecode.swift; path = WishlistsVC.swift; sourceTree = "<group>"; };
		CC0D75722B04B53900906232 /* ProfileVC.swift */ = {isa = PBXFileReference; lastKnownFileType = sourcecode.swift; path = ProfileVC.swift; sourceTree = "<group>"; };
		CC0D75742B04B6A300906232 /* Icons.xcassets */ = {isa = PBXFileReference; lastKnownFileType = folder.assetcatalog; path = Icons.xcassets; sourceTree = "<group>"; };
		CC0D75762B04B75300906232 /* PlaceViewModel.swift */ = {isa = PBXFileReference; lastKnownFileType = sourcecode.swift; path = PlaceViewModel.swift; sourceTree = "<group>"; };
		CC0D758C2B04EE6100906232 /* CreatePlaceGeoVC.swift */ = {isa = PBXFileReference; lastKnownFileType = sourcecode.swift; path = CreatePlaceGeoVC.swift; sourceTree = "<group>"; };
		CC0D758E2B05240100906232 /* GoogleService-Info.plist */ = {isa = PBXFileReference; fileEncoding = 4; lastKnownFileType = text.plist.xml; path = "GoogleService-Info.plist"; sourceTree = "<group>"; };
		CC0D75A02B053C3C00906232 /* LeftNavButton.swift */ = {isa = PBXFileReference; lastKnownFileType = sourcecode.swift; path = LeftNavButton.swift; sourceTree = "<group>"; };
		CC0D75A22B053ED700906232 /* UIViewExtensions.swift */ = {isa = PBXFileReference; fileEncoding = 4; lastKnownFileType = sourcecode.swift; path = UIViewExtensions.swift; sourceTree = "<group>"; };
		CC0D75A42B0540C700906232 /* BasicButton.swift */ = {isa = PBXFileReference; fileEncoding = 4; lastKnownFileType = sourcecode.swift; path = BasicButton.swift; sourceTree = "<group>"; };
		CC0D75A62B060A3800906232 /* uk */ = {isa = PBXFileReference; lastKnownFileType = text.plist.strings; name = uk; path = uk.lproj/LaunchScreen.strings; sourceTree = "<group>"; };
		CC0D75A72B062CA400906232 /* SingleActionBarView.swift */ = {isa = PBXFileReference; fileEncoding = 4; lastKnownFileType = sourcecode.swift; path = SingleActionBarView.swift; sourceTree = "<group>"; };
		CC0D75AA2B06302C00906232 /* HorizontalSeparator.swift */ = {isa = PBXFileReference; fileEncoding = 4; lastKnownFileType = sourcecode.swift; path = HorizontalSeparator.swift; sourceTree = "<group>"; };
		CC0D75AC2B0645BB00906232 /* CreatePlaceDetailsVC.swift */ = {isa = PBXFileReference; lastKnownFileType = sourcecode.swift; path = CreatePlaceDetailsVC.swift; sourceTree = "<group>"; };
		CC0D75AF2B07EBFE00906232 /* RealmService.swift */ = {isa = PBXFileReference; lastKnownFileType = sourcecode.swift; path = RealmService.swift; sourceTree = "<group>"; };
		CC0D75B22B07F15F00906232 /* GeoCardView.swift */ = {isa = PBXFileReference; fileEncoding = 4; lastKnownFileType = sourcecode.swift; path = GeoCardView.swift; sourceTree = "<group>"; };
		CC0D75B52B07FC7500906232 /* ScaleButton.swift */ = {isa = PBXFileReference; lastKnownFileType = sourcecode.swift; path = ScaleButton.swift; sourceTree = "<group>"; };
		CC81E7222B0A18E1005DA935 /* CreatePlaceCoverVC.swift */ = {isa = PBXFileReference; lastKnownFileType = sourcecode.swift; path = CreatePlaceCoverVC.swift; sourceTree = "<group>"; };
		CC81E7242B0A2694005DA935 /* AspectRatioTabsView.swift */ = {isa = PBXFileReference; lastKnownFileType = sourcecode.swift; path = AspectRatioTabsView.swift; sourceTree = "<group>"; };
		CC81E7262B0A3A96005DA935 /* UIButtonExtension.swift */ = {isa = PBXFileReference; lastKnownFileType = sourcecode.swift; path = UIButtonExtension.swift; sourceTree = "<group>"; };
		CC81E72A2B0B91EE005DA935 /* Observable.swift */ = {isa = PBXFileReference; fileEncoding = 4; lastKnownFileType = sourcecode.swift; path = Observable.swift; sourceTree = "<group>"; };
		CC81E72C2B0BBF68005DA935 /* UIViewControllerExtension.swift */ = {isa = PBXFileReference; lastKnownFileType = sourcecode.swift; path = UIViewControllerExtension.swift; sourceTree = "<group>"; };
		CC81E72E2B0CF557005DA935 /* BasicBottomSheetVC.swift */ = {isa = PBXFileReference; lastKnownFileType = sourcecode.swift; path = BasicBottomSheetVC.swift; sourceTree = "<group>"; };
		CC81E7302B0CFC5C005DA935 /* OriginBottomSheetVC.swift */ = {isa = PBXFileReference; lastKnownFileType = sourcecode.swift; path = OriginBottomSheetVC.swift; sourceTree = "<group>"; };
		CC81E7322B0D0B62005DA935 /* RowDefaultTVC.swift */ = {isa = PBXFileReference; fileEncoding = 4; lastKnownFileType = sourcecode.swift; path = RowDefaultTVC.swift; sourceTree = "<group>"; };
		CC81E7362B0DFF02005DA935 /* MKMapViewExtension.swift */ = {isa = PBXFileReference; lastKnownFileType = sourcecode.swift; path = MKMapViewExtension.swift; sourceTree = "<group>"; };
		CC81E7382B0E3605005DA935 /* FirebaseService.swift */ = {isa = PBXFileReference; lastKnownFileType = sourcecode.swift; path = FirebaseService.swift; sourceTree = "<group>"; };
		CC81E73C2B0F5233005DA935 /* PlaceCardTVC.swift */ = {isa = PBXFileReference; fileEncoding = 4; lastKnownFileType = sourcecode.swift; path = PlaceCardTVC.swift; sourceTree = "<group>"; };
		CC81E73E2B0F536C005DA935 /* PlaceCardTVCViewModel.swift */ = {isa = PBXFileReference; fileEncoding = 4; lastKnownFileType = sourcecode.swift; path = PlaceCardTVCViewModel.swift; sourceTree = "<group>"; };
		CC81E7402B0F551F005DA935 /* PlaceCardHeader.swift */ = {isa = PBXFileReference; fileEncoding = 4; lastKnownFileType = sourcecode.swift; path = PlaceCardHeader.swift; sourceTree = "<group>"; };
		CC81E7452B0F701B005DA935 /* PlaceFirebase.swift */ = {isa = PBXFileReference; lastKnownFileType = sourcecode.swift; path = PlaceFirebase.swift; sourceTree = "<group>"; };
		CCCEAC1D2B10CED100C20588 /* ReviewFirebase.swift */ = {isa = PBXFileReference; lastKnownFileType = sourcecode.swift; path = ReviewFirebase.swift; sourceTree = "<group>"; };
		CCCEAC1F2B10CF4000C20588 /* UserFirebase.swift */ = {isa = PBXFileReference; lastKnownFileType = sourcecode.swift; path = UserFirebase.swift; sourceTree = "<group>"; };
		CCCEAC212B11477B00C20588 /* UIImageExtension.swift */ = {isa = PBXFileReference; lastKnownFileType = sourcecode.swift; path = UIImageExtension.swift; sourceTree = "<group>"; };
/* End PBXFileReference section */

/* Begin PBXFrameworksBuildPhase section */
		CC0D751C2B04AC0400906232 /* Frameworks */ = {
			isa = PBXFrameworksBuildPhase;
			buildActionMask = 2147483647;
			files = (
				CC0D75982B05277300906232 /* FirebaseDatabase in Frameworks */,
				CC0D75922B05277100906232 /* FirebaseAnalytics in Frameworks */,
				CC0D758B2B04CB5200906232 /* RealmSwift in Frameworks */,
				CC0D75832B04C03000906232 /* Alamofire in Frameworks */,
				CC0D75862B04C05400906232 /* SnapKit in Frameworks */,
				CC0D75802B04BE9600906232 /* RxSwift in Frameworks */,
				CC0D757E2B04BE9600906232 /* RxCocoa in Frameworks */,
				CC0D75962B05277200906232 /* FirebaseCrashlytics in Frameworks */,
				CC0D759E2B05277400906232 /* FirebaseStorage in Frameworks */,
				CC0D759A2B05277300906232 /* FirebaseDatabaseSwift in Frameworks */,
				CC81E7442B0F566D005DA935 /* SDWebImage in Frameworks */,
				CC0D75892B04CB5200906232 /* Realm in Frameworks */,
				CC0D75942B05277200906232 /* FirebaseAuth in Frameworks */,
				CC0D759C2B05277400906232 /* FirebaseDynamicLinks in Frameworks */,
			);
			runOnlyForDeploymentPostprocessing = 0;
		};
/* End PBXFrameworksBuildPhase section */

/* Begin PBXGroup section */
		CC0D75162B04AC0400906232 = {
			isa = PBXGroup;
			children = (
				CC0D75212B04AC0400906232 /* Piznay */,
				CC0D75202B04AC0400906232 /* Products */,
			);
			sourceTree = "<group>";
		};
		CC0D75202B04AC0400906232 /* Products */ = {
			isa = PBXGroup;
			children = (
				CC0D751F2B04AC0400906232 /* Piznay.app */,
			);
			name = Products;
			sourceTree = "<group>";
		};
		CC0D75212B04AC0400906232 /* Piznay */ = {
			isa = PBXGroup;
			children = (
				CC0D75362B04ADAA00906232 /* Application */,
				CC0D75372B04ADB600906232 /* Model */,
				CC0D75382B04ADC800906232 /* ViewControllers */,
				CC0D753A2B04AE0B00906232 /* ViewModel */,
				CC0D75392B04ADF700906232 /* Views */,
				CC0D753B2B04AE2100906232 /* Recources */,
				CC0D75302B04AC0600906232 /* Info.plist */,
				CC0D758E2B05240100906232 /* GoogleService-Info.plist */,
			);
			path = Piznay;
			sourceTree = "<group>";
		};
		CC0D75362B04ADAA00906232 /* Application */ = {
			isa = PBXGroup;
			children = (
				CC0D75222B04AC0400906232 /* AppDelegate.swift */,
				CC0D75242B04AC0500906232 /* SceneDelegate.swift */,
			);
			path = Application;
			sourceTree = "<group>";
		};
		CC0D75372B04ADB600906232 /* Model */ = {
			isa = PBXGroup;
			children = (
				CC0D753C2B04AE9B00906232 /* Enum */,
				CC81E7452B0F701B005DA935 /* PlaceFirebase.swift */,
				CCCEAC1D2B10CED100C20588 /* ReviewFirebase.swift */,
				CCCEAC1F2B10CF4000C20588 /* UserFirebase.swift */,
				CC0D75422B04B18800906232 /* Place.swift */,
				CC0D75642B04B35D00906232 /* Review.swift */,
				CC0D75662B04B38700906232 /* User.swift */,
			);
			path = Model;
			sourceTree = "<group>";
		};
		CC0D75382B04ADC800906232 /* ViewControllers */ = {
			isa = PBXGroup;
			children = (
				CC0D75682B04B3DD00906232 /* BasicVC.swift */,
				CC0D756A2B04B40200906232 /* TabBarVC.swift */,
				CC0D756C2B04B45800906232 /* HomeVC.swift */,
				CC0D756E2B04B46A00906232 /* ExploreVC.swift */,
				CC0D75702B04B52300906232 /* WishlistsVC.swift */,
				CC0D75722B04B53900906232 /* ProfileVC.swift */,
				CC0D758C2B04EE6100906232 /* CreatePlaceGeoVC.swift */,
				CC81E7222B0A18E1005DA935 /* CreatePlaceCoverVC.swift */,
				CC0D75AC2B0645BB00906232 /* CreatePlaceDetailsVC.swift */,
				CC81E7472B0F761D005DA935 /* BottomSheetVC */,
			);
			path = ViewControllers;
			sourceTree = "<group>";
		};
		CC0D75392B04ADF700906232 /* Views */ = {
			isa = PBXGroup;
			children = (
				CC0D75412B04AF3500906232 /* Custom */,
				CC0D75402B04AF2500906232 /* Interface */,
				CC0D753F2B04AF1E00906232 /* Cells */,
			);
			name = Views;
			sourceTree = "<group>";
		};
		CC0D753A2B04AE0B00906232 /* ViewModel */ = {
			isa = PBXGroup;
			children = (
				CC0D75AE2B07EBEB00906232 /* Service */,
				CC0D75762B04B75300906232 /* PlaceViewModel.swift */,
				CC81E73E2B0F536C005DA935 /* PlaceCardTVCViewModel.swift */,
			);
			path = ViewModel;
			sourceTree = "<group>";
		};
		CC0D753B2B04AE2100906232 /* Recources */ = {
			isa = PBXGroup;
			children = (
				CC0D753E2B04AEF400906232 /* DesignSystem */,
				CC0D753D2B04AEE600906232 /* Extensions */,
				CC0D752D2B04AC0600906232 /* LaunchScreen.storyboard */,
				CC0D752B2B04AC0600906232 /* Assets.xcassets */,
				CC0D75742B04B6A300906232 /* Icons.xcassets */,
			);
			path = Recources;
			sourceTree = "<group>";
		};
		CC0D753C2B04AE9B00906232 /* Enum */ = {
			isa = PBXGroup;
			children = (
				CC81E72A2B0B91EE005DA935 /* Observable.swift */,
				CC0D75482B04B22A00906232 /* ButtonStyle.swift */,
				CC0D75462B04B22900906232 /* Coordinates.swift */,
				CC0D75472B04B22900906232 /* ObjectType.swift */,
				CC0D75452B04B22900906232 /* OriginType.swift */,
				CC0D75442B04B22900906232 /* TravelerStatus.swift */,
			);
			path = Enum;
			sourceTree = "<group>";
		};
		CC0D753D2B04AEE600906232 /* Extensions */ = {
			isa = PBXGroup;
			children = (
				CC0D75A22B053ED700906232 /* UIViewExtensions.swift */,
				CC0D75552B04B27500906232 /* Reusable.swift */,
				CC0D75582B04B27600906232 /* StringExtension.swift */,
				CC0D75592B04B27600906232 /* UIColorExtension.swift */,
				CC0D755B2B04B27600906232 /* UILabelExtension.swift */,
				CC0D75562B04B27500906232 /* UIStackViewExtensions.swift */,
				CC0D75542B04B27500906232 /* UITabBarControllerExtension.swift */,
				CC0D75572B04B27600906232 /* UITableViewCellExtension.swift */,
				CC0D755A2B04B27600906232 /* UITableViewExtension.swift */,
				CC81E7262B0A3A96005DA935 /* UIButtonExtension.swift */,
				CC81E72C2B0BBF68005DA935 /* UIViewControllerExtension.swift */,
				CC81E7362B0DFF02005DA935 /* MKMapViewExtension.swift */,
				CCCEAC212B11477B00C20588 /* UIImageExtension.swift */,
			);
			path = Extensions;
			sourceTree = "<group>";
		};
		CC0D753E2B04AEF400906232 /* DesignSystem */ = {
			isa = PBXGroup;
			children = (
				CC0D754F2B04B25400906232 /* Colors.swift */,
				CC0D75502B04B25400906232 /* Sizes.swift */,
				CC0D754E2B04B25400906232 /* Typography.swift */,
			);
			path = DesignSystem;
			sourceTree = "<group>";
		};
		CC0D753F2B04AF1E00906232 /* Cells */ = {
			isa = PBXGroup;
			children = (
				CC81E73C2B0F5233005DA935 /* PlaceCardTVC.swift */,
				CC81E7322B0D0B62005DA935 /* RowDefaultTVC.swift */,
			);
			name = Cells;
			sourceTree = "<group>";
		};
		CC0D75402B04AF2500906232 /* Interface */ = {
			isa = PBXGroup;
			children = (
				CC0D759F2B053C1B00906232 /* Buttons */,
			);
			name = Interface;
			sourceTree = "<group>";
		};
		CC0D75412B04AF3500906232 /* Custom */ = {
			isa = PBXGroup;
			children = (
				CC0D75B12B07F15000906232 /* Cards */,
				CC0D75A92B06302C00906232 /* Separators */,
				CC0D75A72B062CA400906232 /* SingleActionBarView.swift */,
				CC81E7242B0A2694005DA935 /* AspectRatioTabsView.swift */,
				CC086A4C2B15685E0032E562 /* ImageStretchyHeader.swift */,
			);
			name = Custom;
			sourceTree = "<group>";
		};
		CC0D759F2B053C1B00906232 /* Buttons */ = {
			isa = PBXGroup;
			children = (
				CC0D75A42B0540C700906232 /* BasicButton.swift */,
				CC0D75A02B053C3C00906232 /* LeftNavButton.swift */,
				CC0D75B52B07FC7500906232 /* ScaleButton.swift */,
			);
			name = Buttons;
			sourceTree = "<group>";
		};
		CC0D75A92B06302C00906232 /* Separators */ = {
			isa = PBXGroup;
			children = (
				CC0D75AA2B06302C00906232 /* HorizontalSeparator.swift */,
			);
			path = Separators;
			sourceTree = "<group>";
		};
		CC0D75AE2B07EBEB00906232 /* Service */ = {
			isa = PBXGroup;
			children = (
				CC0D75AF2B07EBFE00906232 /* RealmService.swift */,
				CC81E7382B0E3605005DA935 /* FirebaseService.swift */,
			);
			path = Service;
			sourceTree = "<group>";
		};
		CC0D75B12B07F15000906232 /* Cards */ = {
			isa = PBXGroup;
			children = (
				CC81E7402B0F551F005DA935 /* PlaceCardHeader.swift */,
				CC0D75B22B07F15F00906232 /* GeoCardView.swift */,
			);
			path = Cards;
			sourceTree = "<group>";
		};
		CC81E7472B0F761D005DA935 /* BottomSheetVC */ = {
			isa = PBXGroup;
			children = (
				CC81E72E2B0CF557005DA935 /* BasicBottomSheetVC.swift */,
				CC81E7302B0CFC5C005DA935 /* OriginBottomSheetVC.swift */,
			);
			path = BottomSheetVC;
			sourceTree = "<group>";
		};
/* End PBXGroup section */

/* Begin PBXNativeTarget section */
		CC0D751E2B04AC0400906232 /* Piznay */ = {
			isa = PBXNativeTarget;
			buildConfigurationList = CC0D75332B04AC0600906232 /* Build configuration list for PBXNativeTarget "Piznay" */;
			buildPhases = (
				CC0D751B2B04AC0400906232 /* Sources */,
				CC0D751C2B04AC0400906232 /* Frameworks */,
				CC0D751D2B04AC0400906232 /* Resources */,
			);
			buildRules = (
			);
			dependencies = (
			);
			name = Piznay;
			packageProductDependencies = (
				CC0D757D2B04BE9600906232 /* RxCocoa */,
				CC0D757F2B04BE9600906232 /* RxSwift */,
				CC0D75822B04C03000906232 /* Alamofire */,
				CC0D75852B04C05400906232 /* SnapKit */,
				CC0D75882B04CB5200906232 /* Realm */,
				CC0D758A2B04CB5200906232 /* RealmSwift */,
				CC0D75912B05277100906232 /* FirebaseAnalytics */,
				CC0D75932B05277200906232 /* FirebaseAuth */,
				CC0D75952B05277200906232 /* FirebaseCrashlytics */,
				CC0D75972B05277300906232 /* FirebaseDatabase */,
				CC0D75992B05277300906232 /* FirebaseDatabaseSwift */,
				CC0D759B2B05277400906232 /* FirebaseDynamicLinks */,
				CC0D759D2B05277400906232 /* FirebaseStorage */,
				CC81E7432B0F566D005DA935 /* SDWebImage */,
			);
			productName = Piznay;
			productReference = CC0D751F2B04AC0400906232 /* Piznay.app */;
			productType = "com.apple.product-type.application";
		};
/* End PBXNativeTarget section */

/* Begin PBXProject section */
		CC0D75172B04AC0400906232 /* Project object */ = {
			isa = PBXProject;
			attributes = {
				BuildIndependentTargetsInParallel = 1;
				LastSwiftUpdateCheck = 1420;
				LastUpgradeCheck = 1420;
				TargetAttributes = {
					CC0D751E2B04AC0400906232 = {
						CreatedOnToolsVersion = 14.2;
					};
				};
			};
			buildConfigurationList = CC0D751A2B04AC0400906232 /* Build configuration list for PBXProject "Piznay" */;
			compatibilityVersion = "Xcode 14.0";
			developmentRegion = en;
			hasScannedForEncodings = 0;
			knownRegions = (
				en,
				Base,
				uk,
			);
			mainGroup = CC0D75162B04AC0400906232;
			packageReferences = (
				CC0D757C2B04BE9600906232 /* XCRemoteSwiftPackageReference "RxSwift" */,
				CC0D75812B04C03000906232 /* XCRemoteSwiftPackageReference "Alamofire" */,
				CC0D75842B04C05400906232 /* XCRemoteSwiftPackageReference "SnapKit" */,
				CC0D75872B04CB5200906232 /* XCRemoteSwiftPackageReference "realm-swift" */,
				CC0D75902B05277100906232 /* XCRemoteSwiftPackageReference "firebase-ios-sdk" */,
				CC81E7422B0F566D005DA935 /* XCRemoteSwiftPackageReference "SDWebImage" */,
			);
			productRefGroup = CC0D75202B04AC0400906232 /* Products */;
			projectDirPath = "";
			projectRoot = "";
			targets = (
				CC0D751E2B04AC0400906232 /* Piznay */,
			);
		};
/* End PBXProject section */

/* Begin PBXResourcesBuildPhase section */
		CC0D751D2B04AC0400906232 /* Resources */ = {
			isa = PBXResourcesBuildPhase;
			buildActionMask = 2147483647;
			files = (
				CC0D752F2B04AC0600906232 /* LaunchScreen.storyboard in Resources */,
				CC0D758F2B05240100906232 /* GoogleService-Info.plist in Resources */,
				CC0D75752B04B6A300906232 /* Icons.xcassets in Resources */,
				CC0D752C2B04AC0600906232 /* Assets.xcassets in Resources */,
			);
			runOnlyForDeploymentPostprocessing = 0;
		};
/* End PBXResourcesBuildPhase section */

/* Begin PBXSourcesBuildPhase section */
		CC0D751B2B04AC0400906232 /* Sources */ = {
			isa = PBXSourcesBuildPhase;
			buildActionMask = 2147483647;
			files = (
				CC0D758D2B04EE6100906232 /* CreatePlaceGeoVC.swift in Sources */,
				CC0D75612B04B27600906232 /* UIColorExtension.swift in Sources */,
				CC086A4D2B15685E0032E562 /* ImageStretchyHeader.swift in Sources */,
				CC0D75492B04B22A00906232 /* TravelerStatus.swift in Sources */,
				CC0D75522B04B25400906232 /* Colors.swift in Sources */,
				CC0D75632B04B27600906232 /* UILabelExtension.swift in Sources */,
				CC0D754D2B04B22A00906232 /* ButtonStyle.swift in Sources */,
				CC81E7252B0A2694005DA935 /* AspectRatioTabsView.swift in Sources */,
				CC0D75652B04B35D00906232 /* Review.swift in Sources */,
				CC0D75432B04B18800906232 /* Place.swift in Sources */,
				CC0D756F2B04B46A00906232 /* ExploreVC.swift in Sources */,
				CC81E72B2B0B91EE005DA935 /* Observable.swift in Sources */,
				CC0D75AB2B06302C00906232 /* HorizontalSeparator.swift in Sources */,
				CC0D75602B04B27600906232 /* StringExtension.swift in Sources */,
				CC81E7312B0CFC5C005DA935 /* OriginBottomSheetVC.swift in Sources */,
				CC0D75A52B0540C800906232 /* BasicButton.swift in Sources */,
				CC0D75232B04AC0400906232 /* AppDelegate.swift in Sources */,
				CC0D75A82B062CA400906232 /* SingleActionBarView.swift in Sources */,
				CC0D756D2B04B45800906232 /* HomeVC.swift in Sources */,
				CCCEAC1E2B10CED100C20588 /* ReviewFirebase.swift in Sources */,
				CC0D75A12B053C3C00906232 /* LeftNavButton.swift in Sources */,
				CC0D754C2B04B22A00906232 /* ObjectType.swift in Sources */,
				CC0D75AD2B0645BB00906232 /* CreatePlaceDetailsVC.swift in Sources */,
				CC0D755D2B04B27600906232 /* Reusable.swift in Sources */,
				CC0D754B2B04B22A00906232 /* Coordinates.swift in Sources */,
				CC0D75252B04AC0500906232 /* SceneDelegate.swift in Sources */,
				CC0D75512B04B25400906232 /* Typography.swift in Sources */,
				CC81E7372B0DFF02005DA935 /* MKMapViewExtension.swift in Sources */,
				CC0D755C2B04B27600906232 /* UITabBarControllerExtension.swift in Sources */,
				CC0D755E2B04B27600906232 /* UIStackViewExtensions.swift in Sources */,
				CC81E7232B0A18E1005DA935 /* CreatePlaceCoverVC.swift in Sources */,
				CC81E7272B0A3A96005DA935 /* UIButtonExtension.swift in Sources */,
				CC81E72D2B0BBF69005DA935 /* UIViewControllerExtension.swift in Sources */,
				CC0D755F2B04B27600906232 /* UITableViewCellExtension.swift in Sources */,
				CC81E7462B0F701B005DA935 /* PlaceFirebase.swift in Sources */,
				CC0D75712B04B52300906232 /* WishlistsVC.swift in Sources */,
				CC0D75622B04B27600906232 /* UITableViewExtension.swift in Sources */,
				CC81E73F2B0F536C005DA935 /* PlaceCardTVCViewModel.swift in Sources */,
				CC81E7392B0E3605005DA935 /* FirebaseService.swift in Sources */,
				CC0D75732B04B53900906232 /* ProfileVC.swift in Sources */,
				CC81E73D2B0F5233005DA935 /* PlaceCardTVC.swift in Sources */,
				CC0D75532B04B25400906232 /* Sizes.swift in Sources */,
				CC0D754A2B04B22A00906232 /* OriginType.swift in Sources */,
				CC0D75A32B053ED800906232 /* UIViewExtensions.swift in Sources */,
				CC81E7412B0F551F005DA935 /* PlaceCardHeader.swift in Sources */,
				CC0D75B02B07EBFE00906232 /* RealmService.swift in Sources */,
				CC0D75B62B07FC7500906232 /* ScaleButton.swift in Sources */,
				CC0D75772B04B75300906232 /* PlaceViewModel.swift in Sources */,
				CCCEAC202B10CF4000C20588 /* UserFirebase.swift in Sources */,
				CCCEAC222B11477B00C20588 /* UIImageExtension.swift in Sources */,
				CC0D756B2B04B40200906232 /* TabBarVC.swift in Sources */,
				CC0D75B32B07F15F00906232 /* GeoCardView.swift in Sources */,
				CC81E7332B0D0B62005DA935 /* RowDefaultTVC.swift in Sources */,
				CC81E72F2B0CF557005DA935 /* BasicBottomSheetVC.swift in Sources */,
				CC0D75672B04B38700906232 /* User.swift in Sources */,
				CC0D75692B04B3DD00906232 /* BasicVC.swift in Sources */,
			);
			runOnlyForDeploymentPostprocessing = 0;
		};
/* End PBXSourcesBuildPhase section */

/* Begin PBXVariantGroup section */
		CC0D752D2B04AC0600906232 /* LaunchScreen.storyboard */ = {
			isa = PBXVariantGroup;
			children = (
				CC0D752E2B04AC0600906232 /* Base */,
				CC0D75A62B060A3800906232 /* uk */,
			);
			name = LaunchScreen.storyboard;
			sourceTree = "<group>";
		};
/* End PBXVariantGroup section */

/* Begin XCBuildConfiguration section */
		CC0D75312B04AC0600906232 /* Debug */ = {
			isa = XCBuildConfiguration;
			buildSettings = {
				ALWAYS_SEARCH_USER_PATHS = NO;
				CLANG_ANALYZER_LOCALIZABILITY_NONLOCALIZED = YES;
				CLANG_ANALYZER_NONNULL = YES;
				CLANG_ANALYZER_NUMBER_OBJECT_CONVERSION = YES_AGGRESSIVE;
				CLANG_CXX_LANGUAGE_STANDARD = "gnu++20";
				CLANG_ENABLE_MODULES = YES;
				CLANG_ENABLE_OBJC_ARC = YES;
				CLANG_ENABLE_OBJC_WEAK = YES;
				CLANG_WARN_BLOCK_CAPTURE_AUTORELEASING = YES;
				CLANG_WARN_BOOL_CONVERSION = YES;
				CLANG_WARN_COMMA = YES;
				CLANG_WARN_CONSTANT_CONVERSION = YES;
				CLANG_WARN_DEPRECATED_OBJC_IMPLEMENTATIONS = YES;
				CLANG_WARN_DIRECT_OBJC_ISA_USAGE = YES_ERROR;
				CLANG_WARN_DOCUMENTATION_COMMENTS = YES;
				CLANG_WARN_EMPTY_BODY = YES;
				CLANG_WARN_ENUM_CONVERSION = YES;
				CLANG_WARN_INFINITE_RECURSION = YES;
				CLANG_WARN_INT_CONVERSION = YES;
				CLANG_WARN_NON_LITERAL_NULL_CONVERSION = YES;
				CLANG_WARN_OBJC_IMPLICIT_RETAIN_SELF = YES;
				CLANG_WARN_OBJC_LITERAL_CONVERSION = YES;
				CLANG_WARN_OBJC_ROOT_CLASS = YES_ERROR;
				CLANG_WARN_QUOTED_INCLUDE_IN_FRAMEWORK_HEADER = YES;
				CLANG_WARN_RANGE_LOOP_ANALYSIS = YES;
				CLANG_WARN_STRICT_PROTOTYPES = YES;
				CLANG_WARN_SUSPICIOUS_MOVE = YES;
				CLANG_WARN_UNGUARDED_AVAILABILITY = YES_AGGRESSIVE;
				CLANG_WARN_UNREACHABLE_CODE = YES;
				CLANG_WARN__DUPLICATE_METHOD_MATCH = YES;
				COPY_PHASE_STRIP = NO;
				DEBUG_INFORMATION_FORMAT = dwarf;
				ENABLE_STRICT_OBJC_MSGSEND = YES;
				ENABLE_TESTABILITY = YES;
				GCC_C_LANGUAGE_STANDARD = gnu11;
				GCC_DYNAMIC_NO_PIC = NO;
				GCC_NO_COMMON_BLOCKS = YES;
				GCC_OPTIMIZATION_LEVEL = 0;
				GCC_PREPROCESSOR_DEFINITIONS = (
					"DEBUG=1",
					"$(inherited)",
				);
				GCC_WARN_64_TO_32_BIT_CONVERSION = YES;
				GCC_WARN_ABOUT_RETURN_TYPE = YES_ERROR;
				GCC_WARN_UNDECLARED_SELECTOR = YES;
				GCC_WARN_UNINITIALIZED_AUTOS = YES_AGGRESSIVE;
				GCC_WARN_UNUSED_FUNCTION = YES;
				GCC_WARN_UNUSED_VARIABLE = YES;
				IPHONEOS_DEPLOYMENT_TARGET = 16.2;
				MTL_ENABLE_DEBUG_INFO = INCLUDE_SOURCE;
				MTL_FAST_MATH = YES;
				ONLY_ACTIVE_ARCH = YES;
				SDKROOT = iphoneos;
				SWIFT_ACTIVE_COMPILATION_CONDITIONS = DEBUG;
				SWIFT_OPTIMIZATION_LEVEL = "-Onone";
			};
			name = Debug;
		};
		CC0D75322B04AC0600906232 /* Release */ = {
			isa = XCBuildConfiguration;
			buildSettings = {
				ALWAYS_SEARCH_USER_PATHS = NO;
				CLANG_ANALYZER_LOCALIZABILITY_NONLOCALIZED = YES;
				CLANG_ANALYZER_NONNULL = YES;
				CLANG_ANALYZER_NUMBER_OBJECT_CONVERSION = YES_AGGRESSIVE;
				CLANG_CXX_LANGUAGE_STANDARD = "gnu++20";
				CLANG_ENABLE_MODULES = YES;
				CLANG_ENABLE_OBJC_ARC = YES;
				CLANG_ENABLE_OBJC_WEAK = YES;
				CLANG_WARN_BLOCK_CAPTURE_AUTORELEASING = YES;
				CLANG_WARN_BOOL_CONVERSION = YES;
				CLANG_WARN_COMMA = YES;
				CLANG_WARN_CONSTANT_CONVERSION = YES;
				CLANG_WARN_DEPRECATED_OBJC_IMPLEMENTATIONS = YES;
				CLANG_WARN_DIRECT_OBJC_ISA_USAGE = YES_ERROR;
				CLANG_WARN_DOCUMENTATION_COMMENTS = YES;
				CLANG_WARN_EMPTY_BODY = YES;
				CLANG_WARN_ENUM_CONVERSION = YES;
				CLANG_WARN_INFINITE_RECURSION = YES;
				CLANG_WARN_INT_CONVERSION = YES;
				CLANG_WARN_NON_LITERAL_NULL_CONVERSION = YES;
				CLANG_WARN_OBJC_IMPLICIT_RETAIN_SELF = YES;
				CLANG_WARN_OBJC_LITERAL_CONVERSION = YES;
				CLANG_WARN_OBJC_ROOT_CLASS = YES_ERROR;
				CLANG_WARN_QUOTED_INCLUDE_IN_FRAMEWORK_HEADER = YES;
				CLANG_WARN_RANGE_LOOP_ANALYSIS = YES;
				CLANG_WARN_STRICT_PROTOTYPES = YES;
				CLANG_WARN_SUSPICIOUS_MOVE = YES;
				CLANG_WARN_UNGUARDED_AVAILABILITY = YES_AGGRESSIVE;
				CLANG_WARN_UNREACHABLE_CODE = YES;
				CLANG_WARN__DUPLICATE_METHOD_MATCH = YES;
				COPY_PHASE_STRIP = NO;
				DEBUG_INFORMATION_FORMAT = "dwarf-with-dsym";
				ENABLE_NS_ASSERTIONS = NO;
				ENABLE_STRICT_OBJC_MSGSEND = YES;
				GCC_C_LANGUAGE_STANDARD = gnu11;
				GCC_NO_COMMON_BLOCKS = YES;
				GCC_WARN_64_TO_32_BIT_CONVERSION = YES;
				GCC_WARN_ABOUT_RETURN_TYPE = YES_ERROR;
				GCC_WARN_UNDECLARED_SELECTOR = YES;
				GCC_WARN_UNINITIALIZED_AUTOS = YES_AGGRESSIVE;
				GCC_WARN_UNUSED_FUNCTION = YES;
				GCC_WARN_UNUSED_VARIABLE = YES;
				IPHONEOS_DEPLOYMENT_TARGET = 16.2;
				MTL_ENABLE_DEBUG_INFO = NO;
				MTL_FAST_MATH = YES;
				SDKROOT = iphoneos;
				SWIFT_COMPILATION_MODE = wholemodule;
				SWIFT_OPTIMIZATION_LEVEL = "-O";
				VALIDATE_PRODUCT = YES;
			};
			name = Release;
		};
		CC0D75342B04AC0600906232 /* Debug */ = {
			isa = XCBuildConfiguration;
			buildSettings = {
				ASSETCATALOG_COMPILER_APPICON_NAME = AppIcon;
				ASSETCATALOG_COMPILER_GLOBAL_ACCENT_COLOR_NAME = AccentColor;
				CODE_SIGN_STYLE = Automatic;
				CURRENT_PROJECT_VERSION = 1;
				DEVELOPMENT_TEAM = U6JM6F58R2;
				GENERATE_INFOPLIST_FILE = YES;
				INFOPLIST_FILE = Piznay/Info.plist;
				INFOPLIST_KEY_CFBundleDisplayName = Piznay;
				INFOPLIST_KEY_LSApplicationCategoryType = "public.app-category.travel";
				INFOPLIST_KEY_UIApplicationSupportsIndirectInputEvents = YES;
				INFOPLIST_KEY_UILaunchStoryboardName = LaunchScreen;
				INFOPLIST_KEY_UISupportedInterfaceOrientations = UIInterfaceOrientationPortrait;
				INFOPLIST_KEY_UISupportedInterfaceOrientations_iPad = UIInterfaceOrientationLandscapeRight;
				INFOPLIST_KEY_UIUserInterfaceStyle = Light;
				IPHONEOS_DEPLOYMENT_TARGET = 13.0;
				LD_RUNPATH_SEARCH_PATHS = (
					"$(inherited)",
					"@executable_path/Frameworks",
				);
				MARKETING_VERSION = 1.0;
				PRODUCT_BUNDLE_IDENTIFIER = NEEMMELLA.Piznay;
				PRODUCT_NAME = "$(TARGET_NAME)";
				SUPPORTED_PLATFORMS = "iphoneos iphonesimulator";
				SUPPORTS_MACCATALYST = NO;
				SUPPORTS_MAC_DESIGNED_FOR_IPHONE_IPAD = NO;
				SWIFT_EMIT_LOC_STRINGS = YES;
				SWIFT_VERSION = 5.0;
				TARGETED_DEVICE_FAMILY = 1;
			};
			name = Debug;
		};
		CC0D75352B04AC0600906232 /* Release */ = {
			isa = XCBuildConfiguration;
			buildSettings = {
				ASSETCATALOG_COMPILER_APPICON_NAME = AppIcon;
				ASSETCATALOG_COMPILER_GLOBAL_ACCENT_COLOR_NAME = AccentColor;
				CODE_SIGN_STYLE = Automatic;
				CURRENT_PROJECT_VERSION = 1;
				DEVELOPMENT_TEAM = U6JM6F58R2;
				GENERATE_INFOPLIST_FILE = YES;
				INFOPLIST_FILE = Piznay/Info.plist;
				INFOPLIST_KEY_CFBundleDisplayName = Piznay;
				INFOPLIST_KEY_LSApplicationCategoryType = "public.app-category.travel";
				INFOPLIST_KEY_UIApplicationSupportsIndirectInputEvents = YES;
				INFOPLIST_KEY_UILaunchStoryboardName = LaunchScreen;
				INFOPLIST_KEY_UISupportedInterfaceOrientations = UIInterfaceOrientationPortrait;
				INFOPLIST_KEY_UISupportedInterfaceOrientations_iPad = UIInterfaceOrientationLandscapeRight;
				INFOPLIST_KEY_UIUserInterfaceStyle = Light;
				IPHONEOS_DEPLOYMENT_TARGET = 13.0;
				LD_RUNPATH_SEARCH_PATHS = (
					"$(inherited)",
					"@executable_path/Frameworks",
				);
				MARKETING_VERSION = 1.0;
				PRODUCT_BUNDLE_IDENTIFIER = NEEMMELLA.Piznay;
				PRODUCT_NAME = "$(TARGET_NAME)";
				SUPPORTED_PLATFORMS = "iphoneos iphonesimulator";
				SUPPORTS_MACCATALYST = NO;
				SUPPORTS_MAC_DESIGNED_FOR_IPHONE_IPAD = NO;
				SWIFT_EMIT_LOC_STRINGS = YES;
				SWIFT_VERSION = 5.0;
				TARGETED_DEVICE_FAMILY = 1;
			};
			name = Release;
		};
/* End XCBuildConfiguration section */

/* Begin XCConfigurationList section */
		CC0D751A2B04AC0400906232 /* Build configuration list for PBXProject "Piznay" */ = {
			isa = XCConfigurationList;
			buildConfigurations = (
				CC0D75312B04AC0600906232 /* Debug */,
				CC0D75322B04AC0600906232 /* Release */,
			);
			defaultConfigurationIsVisible = 0;
			defaultConfigurationName = Release;
		};
		CC0D75332B04AC0600906232 /* Build configuration list for PBXNativeTarget "Piznay" */ = {
			isa = XCConfigurationList;
			buildConfigurations = (
				CC0D75342B04AC0600906232 /* Debug */,
				CC0D75352B04AC0600906232 /* Release */,
			);
			defaultConfigurationIsVisible = 0;
			defaultConfigurationName = Release;
		};
/* End XCConfigurationList section */

/* Begin XCRemoteSwiftPackageReference section */
		CC0D757C2B04BE9600906232 /* XCRemoteSwiftPackageReference "RxSwift" */ = {
			isa = XCRemoteSwiftPackageReference;
			repositoryURL = "https://github.com/ReactiveX/RxSwift.git";
			requirement = {
				kind = upToNextMajorVersion;
				minimumVersion = 6.0.0;
			};
		};
		CC0D75812B04C03000906232 /* XCRemoteSwiftPackageReference "Alamofire" */ = {
			isa = XCRemoteSwiftPackageReference;
			repositoryURL = "https://github.com/Alamofire/Alamofire.git";
			requirement = {
				kind = upToNextMajorVersion;
				minimumVersion = 5.0.0;
			};
		};
		CC0D75842B04C05400906232 /* XCRemoteSwiftPackageReference "SnapKit" */ = {
			isa = XCRemoteSwiftPackageReference;
			repositoryURL = "https://github.com/SnapKit/SnapKit.git";
			requirement = {
				kind = upToNextMajorVersion;
				minimumVersion = 5.0.0;
			};
		};
		CC0D75872B04CB5200906232 /* XCRemoteSwiftPackageReference "realm-swift" */ = {
			isa = XCRemoteSwiftPackageReference;
			repositoryURL = "https://github.com/realm/realm-swift.git";
			requirement = {
				kind = upToNextMajorVersion;
				minimumVersion = 10.44.0;
			};
		};
		CC0D75902B05277100906232 /* XCRemoteSwiftPackageReference "firebase-ios-sdk" */ = {
			isa = XCRemoteSwiftPackageReference;
			repositoryURL = "https://github.com/firebase/firebase-ios-sdk";
			requirement = {
				kind = upToNextMajorVersion;
				minimumVersion = 9.0.0;
			};
		};
		CC81E7422B0F566D005DA935 /* XCRemoteSwiftPackageReference "SDWebImage" */ = {
			isa = XCRemoteSwiftPackageReference;
			repositoryURL = "https://github.com/SDWebImage/SDWebImage.git";
			requirement = {
				kind = upToNextMajorVersion;
				minimumVersion = 5.0.0;
			};
		};
/* End XCRemoteSwiftPackageReference section */

/* Begin XCSwiftPackageProductDependency section */
		CC0D757D2B04BE9600906232 /* RxCocoa */ = {
			isa = XCSwiftPackageProductDependency;
			package = CC0D757C2B04BE9600906232 /* XCRemoteSwiftPackageReference "RxSwift" */;
			productName = RxCocoa;
		};
		CC0D757F2B04BE9600906232 /* RxSwift */ = {
			isa = XCSwiftPackageProductDependency;
			package = CC0D757C2B04BE9600906232 /* XCRemoteSwiftPackageReference "RxSwift" */;
			productName = RxSwift;
		};
		CC0D75822B04C03000906232 /* Alamofire */ = {
			isa = XCSwiftPackageProductDependency;
			package = CC0D75812B04C03000906232 /* XCRemoteSwiftPackageReference "Alamofire" */;
			productName = Alamofire;
		};
		CC0D75852B04C05400906232 /* SnapKit */ = {
			isa = XCSwiftPackageProductDependency;
			package = CC0D75842B04C05400906232 /* XCRemoteSwiftPackageReference "SnapKit" */;
			productName = SnapKit;
		};
		CC0D75882B04CB5200906232 /* Realm */ = {
			isa = XCSwiftPackageProductDependency;
			package = CC0D75872B04CB5200906232 /* XCRemoteSwiftPackageReference "realm-swift" */;
			productName = Realm;
		};
		CC0D758A2B04CB5200906232 /* RealmSwift */ = {
			isa = XCSwiftPackageProductDependency;
			package = CC0D75872B04CB5200906232 /* XCRemoteSwiftPackageReference "realm-swift" */;
			productName = RealmSwift;
		};
		CC0D75912B05277100906232 /* FirebaseAnalytics */ = {
			isa = XCSwiftPackageProductDependency;
			package = CC0D75902B05277100906232 /* XCRemoteSwiftPackageReference "firebase-ios-sdk" */;
			productName = FirebaseAnalytics;
		};
		CC0D75932B05277200906232 /* FirebaseAuth */ = {
			isa = XCSwiftPackageProductDependency;
			package = CC0D75902B05277100906232 /* XCRemoteSwiftPackageReference "firebase-ios-sdk" */;
			productName = FirebaseAuth;
		};
		CC0D75952B05277200906232 /* FirebaseCrashlytics */ = {
			isa = XCSwiftPackageProductDependency;
			package = CC0D75902B05277100906232 /* XCRemoteSwiftPackageReference "firebase-ios-sdk" */;
			productName = FirebaseCrashlytics;
		};
		CC0D75972B05277300906232 /* FirebaseDatabase */ = {
			isa = XCSwiftPackageProductDependency;
			package = CC0D75902B05277100906232 /* XCRemoteSwiftPackageReference "firebase-ios-sdk" */;
			productName = FirebaseDatabase;
		};
		CC0D75992B05277300906232 /* FirebaseDatabaseSwift */ = {
			isa = XCSwiftPackageProductDependency;
			package = CC0D75902B05277100906232 /* XCRemoteSwiftPackageReference "firebase-ios-sdk" */;
			productName = FirebaseDatabaseSwift;
		};
		CC0D759B2B05277400906232 /* FirebaseDynamicLinks */ = {
			isa = XCSwiftPackageProductDependency;
			package = CC0D75902B05277100906232 /* XCRemoteSwiftPackageReference "firebase-ios-sdk" */;
			productName = FirebaseDynamicLinks;
		};
		CC0D759D2B05277400906232 /* FirebaseStorage */ = {
			isa = XCSwiftPackageProductDependency;
			package = CC0D75902B05277100906232 /* XCRemoteSwiftPackageReference "firebase-ios-sdk" */;
			productName = FirebaseStorage;
		};
		CC81E7432B0F566D005DA935 /* SDWebImage */ = {
			isa = XCSwiftPackageProductDependency;
			package = CC81E7422B0F566D005DA935 /* XCRemoteSwiftPackageReference "SDWebImage" */;
			productName = SDWebImage;
		};
/* End XCSwiftPackageProductDependency section */
	};
	rootObject = CC0D75172B04AC0400906232 /* Project object */;
}
